
Microsoft Visual Studio Solution File, Format Version 12.00
# Visual Studio Version 17
VisualStudioVersion = 17.5.33530.505
MinimumVisualStudioVersion = 10.0.40219.1
Project("{2150E333-8FDC-42A3-9474-1A3956D46DE8}") = "src", "src", "{4B0A36EC-963C-4749-BFAF-D4F2144EC70B}"
EndProject
Project("{2150E333-8FDC-42A3-9474-1A3956D46DE8}") = "backend", "backend", "{CCBF24F3-8950-487D-ADA9-D13549DB638B}"
EndProject
Project("{2150E333-8FDC-42A3-9474-1A3956D46DE8}") = "core", "core", "{10FA1C29-5A0E-47FA-B80C-57F77E0A2FC6}"
EndProject
Project("{2150E333-8FDC-42A3-9474-1A3956D46DE8}") = "infrastructure", "infrastructure", "{6D00B41C-08D3-47D2-BE2A-BE83FE3744B9}"
EndProject
Project("{2150E333-8FDC-42A3-9474-1A3956D46DE8}") = "presentation", "presentation", "{06B42188-B363-489B-9A23-B3881453AD13}"
EndProject
Project("{9A19103F-16F7-4668-BE54-9A1E7A4F7556}") = "TWMS.Domain", "src\backend\core\TWMS.Domain\TWMS.Domain.csproj", "{755C61C4-4406-42AB-BCF9-1F2239E1D008}"
EndProject
Project("{9A19103F-16F7-4668-BE54-9A1E7A4F7556}") = "TWMS.Application", "src\backend\core\TWMS.Application\TWMS.Application.csproj", "{4B51563D-0809-45D6-A36B-83F72A12D57C}"
EndProject
Project("{9A19103F-16F7-4668-BE54-9A1E7A4F7556}") = "TWMS.WebAPI", "src\backend\web_ui\TWMS.WebAPI\TWMS.WebAPI.csproj", "{0DE4C555-9691-430E-A863-90996431CB14}"
EndProject
Project("{9A19103F-16F7-4668-BE54-9A1E7A4F7556}") = "TWMS.Infrastructure", "src\backend\infrastructure\TWMS.Infrastructure\TWMS.Infrastructure.csproj", "{BDC071AE-57E1-4570-ADF1-0012E9A0C0DF}"
EndProject
Project("{00D1A9C2-B5F0-4AF3-8072-F6C62B433612}") = "TWMS.Data", "src\backend\database\TWMS.Data\TWMS.Data.sqlproj", "{ACE36303-3EA5-4F5F-A41D-47BB1BE34066}"
EndProject
Project("{2150E333-8FDC-42A3-9474-1A3956D46DE8}") = "database", "database", "{F45DF8B7-B334-4533-A339-DA6AFF054B58}"
EndProject
Project("{9A19103F-16F7-4668-BE54-9A1E7A4F7556}") = "TWMS.DTOs", "src\backend\infrastructure\TWMS.Infrastructure_Help\TWMS.DTOs.csproj", "{4626A065-271E-4612-A010-1CD404A8A04C}"
EndProject
Project("{9A19103F-16F7-4668-BE54-9A1E7A4F7556}") = "TWMS.LoggerService", "src\backend\infrastructure\TWMS.LoggerService\TWMS.LoggerService.csproj", "{C010BBFA-0D20-4D79-9478-B230C38D276F}"
EndProject
Project("{9A19103F-16F7-4668-BE54-9A1E7A4F7556}") = "TWMS.Presentation", "src\backend\web_ui\TWMS.Presentation\TWMS.Presentation.csproj", "{BC06DEC5-F77D-40D7-9C2A-9315A3164FA4}"
EndProject
Global
	GlobalSection(SolutionConfigurationPlatforms) = preSolution
		Debug|Any CPU = Debug|Any CPU
		Release|Any CPU = Release|Any CPU
	EndGlobalSection
	GlobalSection(ProjectConfigurationPlatforms) = postSolution
		{755C61C4-4406-42AB-BCF9-1F2239E1D008}.Debug|Any CPU.ActiveCfg = Debug|Any CPU
		{755C61C4-4406-42AB-BCF9-1F2239E1D008}.Debug|Any CPU.Build.0 = Debug|Any CPU
		{755C61C4-4406-42AB-BCF9-1F2239E1D008}.Release|Any CPU.ActiveCfg = Release|Any CPU
		{755C61C4-4406-42AB-BCF9-1F2239E1D008}.Release|Any CPU.Build.0 = Release|Any CPU
		{4B51563D-0809-45D6-A36B-83F72A12D57C}.Debug|Any CPU.ActiveCfg = Debug|Any CPU
		{4B51563D-0809-45D6-A36B-83F72A12D57C}.Debug|Any CPU.Build.0 = Debug|Any CPU
		{4B51563D-0809-45D6-A36B-83F72A12D57C}.Release|Any CPU.ActiveCfg = Release|Any CPU
		{4B51563D-0809-45D6-A36B-83F72A12D57C}.Release|Any CPU.Build.0 = Release|Any CPU
		{0DE4C555-9691-430E-A863-90996431CB14}.Debug|Any CPU.ActiveCfg = Debug|Any CPU
		{0DE4C555-9691-430E-A863-90996431CB14}.Debug|Any CPU.Build.0 = Debug|Any CPU
		{0DE4C555-9691-430E-A863-90996431CB14}.Release|Any CPU.ActiveCfg = Release|Any CPU
		{0DE4C555-9691-430E-A863-90996431CB14}.Release|Any CPU.Build.0 = Release|Any CPU
		{BDC071AE-57E1-4570-ADF1-0012E9A0C0DF}.Debug|Any CPU.ActiveCfg = Debug|Any CPU
		{BDC071AE-57E1-4570-ADF1-0012E9A0C0DF}.Debug|Any CPU.Build.0 = Debug|Any CPU
		{BDC071AE-57E1-4570-ADF1-0012E9A0C0DF}.Release|Any CPU.ActiveCfg = Release|Any CPU
		{BDC071AE-57E1-4570-ADF1-0012E9A0C0DF}.Release|Any CPU.Build.0 = Release|Any CPU
		{ACE36303-3EA5-4F5F-A41D-47BB1BE34066}.Debug|Any CPU.ActiveCfg = Debug|Any CPU
		{ACE36303-3EA5-4F5F-A41D-47BB1BE34066}.Debug|Any CPU.Build.0 = Debug|Any CPU
		{ACE36303-3EA5-4F5F-A41D-47BB1BE34066}.Debug|Any CPU.Deploy.0 = Debug|Any CPU
		{ACE36303-3EA5-4F5F-A41D-47BB1BE34066}.Release|Any CPU.ActiveCfg = Release|Any CPU
		{ACE36303-3EA5-4F5F-A41D-47BB1BE34066}.Release|Any CPU.Build.0 = Release|Any CPU
		{ACE36303-3EA5-4F5F-A41D-47BB1BE34066}.Release|Any CPU.Deploy.0 = Release|Any CPU
		{4626A065-271E-4612-A010-1CD404A8A04C}.Debug|Any CPU.ActiveCfg = Debug|Any CPU
		{4626A065-271E-4612-A010-1CD404A8A04C}.Debug|Any CPU.Build.0 = Debug|Any CPU
		{4626A065-271E-4612-A010-1CD404A8A04C}.Release|Any CPU.ActiveCfg = Release|Any CPU
		{4626A065-271E-4612-A010-1CD404A8A04C}.Release|Any CPU.Build.0 = Release|Any CPU
		{C010BBFA-0D20-4D79-9478-B230C38D276F}.Debug|Any CPU.ActiveCfg = Debug|Any CPU
		{C010BBFA-0D20-4D79-9478-B230C38D276F}.Debug|Any CPU.Build.0 = Debug|Any CPU
		{C010BBFA-0D20-4D79-9478-B230C38D276F}.Release|Any CPU.ActiveCfg = Release|Any CPU
		{C010BBFA-0D20-4D79-9478-B230C38D276F}.Release|Any CPU.Build.0 = Release|Any CPU
		{BC06DEC5-F77D-40D7-9C2A-9315A3164FA4}.Debug|Any CPU.ActiveCfg = Debug|Any CPU
		{BC06DEC5-F77D-40D7-9C2A-9315A3164FA4}.Debug|Any CPU.Build.0 = Debug|Any CPU
		{BC06DEC5-F77D-40D7-9C2A-9315A3164FA4}.Release|Any CPU.ActiveCfg = Release|Any CPU
		{BC06DEC5-F77D-40D7-9C2A-9315A3164FA4}.Release|Any CPU.Build.0 = Release|Any CPU
	EndGlobalSection
	GlobalSection(SolutionProperties) = preSolution
		HideSolutionNode = FALSE
	EndGlobalSection
	GlobalSection(NestedProjects) = preSolution
		{CCBF24F3-8950-487D-ADA9-D13549DB638B} = {4B0A36EC-963C-4749-BFAF-D4F2144EC70B}
		{10FA1C29-5A0E-47FA-B80C-57F77E0A2FC6} = {CCBF24F3-8950-487D-ADA9-D13549DB638B}
		{6D00B41C-08D3-47D2-BE2A-BE83FE3744B9} = {CCBF24F3-8950-487D-ADA9-D13549DB638B}
		{06B42188-B363-489B-9A23-B3881453AD13} = {CCBF24F3-8950-487D-ADA9-D13549DB638B}
		{755C61C4-4406-42AB-BCF9-1F2239E1D008} = {10FA1C29-5A0E-47FA-B80C-57F77E0A2FC6}
		{4B51563D-0809-45D6-A36B-83F72A12D57C} = {10FA1C29-5A0E-47FA-B80C-57F77E0A2FC6}
		{0DE4C555-9691-430E-A863-90996431CB14} = {06B42188-B363-489B-9A23-B3881453AD13}
		{BDC071AE-57E1-4570-ADF1-0012E9A0C0DF} = {6D00B41C-08D3-47D2-BE2A-BE83FE3744B9}
		{ACE36303-3EA5-4F5F-A41D-47BB1BE34066} = {F45DF8B7-B334-4533-A339-DA6AFF054B58}
		{F45DF8B7-B334-4533-A339-DA6AFF054B58} = {CCBF24F3-8950-487D-ADA9-D13549DB638B}
		{4626A065-271E-4612-A010-1CD404A8A04C} = {6D00B41C-08D3-47D2-BE2A-BE83FE3744B9}
		{C010BBFA-0D20-4D79-9478-B230C38D276F} = {6D00B41C-08D3-47D2-BE2A-BE83FE3744B9}
		{BC06DEC5-F77D-40D7-9C2A-9315A3164FA4} = {06B42188-B363-489B-9A23-B3881453AD13}
	EndGlobalSection
	GlobalSection(ExtensibilityGlobals) = postSolution
		SolutionGuid = {F9B40DFD-BA53-4AE7-9E88-6AFD6BA9721A}
	EndGlobalSection
EndGlobal
